
Microsoft Visual Studio Solution File, Format Version 12.00
# Visual Studio Version 17
VisualStudioVersion = 17.2.32505.173
MinimumVisualStudioVersion = 10.0.40219.1
Project("{2150E333-8FDC-42A3-9474-1A3956D46DE8}") = "common", "common", "{DC52CDD4-2DB5-4231-9891-350CC45BBB89}"
EndProject
Project("{2150E333-8FDC-42A3-9474-1A3956D46DE8}") = "component", "component", "{11C5227E-6283-4A4D-BAD6-B79DC5B080A7}"
EndProject
Project("{9A19103F-16F7-4668-BE54-9A1E7A4F7556}") = "common", "common\common\common.csproj", "{760170B1-C0EA-46FD-8422-9248B97C7CC0}"
EndProject
Project("{9A19103F-16F7-4668-BE54-9A1E7A4F7556}") = "protocol", "common\framework_proto\protocol.csproj", "{E1FDDC4F-2545-49F4-9333-F1AB251804B8}"
EndProject
Project("{9A19103F-16F7-4668-BE54-9A1E7A4F7556}") = "center", "common\component\center\center.csproj", "{410B947A-6B17-4BA6-982E-61EEAB4AB5F2}"
EndProject
Project("{9A19103F-16F7-4668-BE54-9A1E7A4F7556}") = "control", "common\component\control\control.csproj", "{682D48F6-92EE-4515-8492-17C10ABBB347}"
EndProject
Project("{9A19103F-16F7-4668-BE54-9A1E7A4F7556}") = "dbproxy", "common\component\dbproxy\dbproxy.csproj", "{A128F0C3-BC29-43C9-8492-F74A0CF2CDF8}"
EndProject
Project("{9A19103F-16F7-4668-BE54-9A1E7A4F7556}") = "hub", "common\component\hub\hub.csproj", "{8934C7C3-CC2C-4F40-8D38-34F7D18216EC}"
EndProject
Project("{2150E333-8FDC-42A3-9474-1A3956D46DE8}") = "service", "service", "{F4094BA3-0C4E-4E61-9631-D647973EEFF9}"
EndProject
Project("{9A19103F-16F7-4668-BE54-9A1E7A4F7556}") = "center_svr", "service\center_svr\center_svr.csproj", "{3CC7238F-9682-4724-A755-2365835A4441}"
EndProject
Project("{9A19103F-16F7-4668-BE54-9A1E7A4F7556}") = "dbproxy_svr", "service\dbproxy_svr\dbproxy_svr.csproj", "{A37C44A9-61A8-4238-B92D-8AF55E597A24}"
EndProject
Project("{9A19103F-16F7-4668-BE54-9A1E7A4F7556}") = "http_gate", "service\http_gate\http_gate.csproj", "{F249C229-C600-4F1A-B64C-8246772DCDC9}"
EndProject
Project("{2150E333-8FDC-42A3-9474-1A3956D46DE8}") = "api", "api", "{A55F8AC2-0BCA-421D-A55F-4A2110E2DA2B}"
EndProject
Project("{9A19103F-16F7-4668-BE54-9A1E7A4F7556}") = "data", "api\data\data.csproj", "{859C8C36-EE66-450B-BFEA-12532CE59986}"
EndProject
Project("{9A19103F-16F7-4668-BE54-9A1E7A4F7556}") = "generate", "api\generate\generate.csproj", "{5D711739-FCB1-4A35-9EC0-2A0F8DEBE1D8}"
EndProject
Project("{9A19103F-16F7-4668-BE54-9A1E7A4F7556}") = "hotspot", "api\hotspot\hotspot.csproj", "{09176B80-5335-4400-9E02-ECD63F86A087}"
EndProject
Project("{9A19103F-16F7-4668-BE54-9A1E7A4F7556}") = "personal", "api\personal\personal.csproj", "{4F8B97DA-E557-4AA7-961A-EC3354215592}"
EndProject
Project("{9A19103F-16F7-4668-BE54-9A1E7A4F7556}") = "app_proto", "common\app_proto\app_proto.csproj", "{8AE1E31A-599E-418B-BE8A-064246B73798}"
EndProject
Project("{9A19103F-16F7-4668-BE54-9A1E7A4F7556}") = "admin", "api\admin\admin.csproj", "{0FFB8979-6B04-4D3E-B369-ACE6A08E2636}"
EndProject
Project("{9A19103F-16F7-4668-BE54-9A1E7A4F7556}") = "discuss", "api\discuss\discuss.csproj", "{F8735CCA-403D-4D95-8165-6B30B778C6EA}"
EndProject
Global
	GlobalSection(SolutionConfigurationPlatforms) = preSolution
		Debug|Any CPU = Debug|Any CPU
		Release|Any CPU = Release|Any CPU
	EndGlobalSection
	GlobalSection(ProjectConfigurationPlatforms) = postSolution
		{760170B1-C0EA-46FD-8422-9248B97C7CC0}.Debug|Any CPU.ActiveCfg = Debug|Any CPU
		{760170B1-C0EA-46FD-8422-9248B97C7CC0}.Debug|Any CPU.Build.0 = Debug|Any CPU
		{760170B1-C0EA-46FD-8422-9248B97C7CC0}.Release|Any CPU.ActiveCfg = Release|Any CPU
		{760170B1-C0EA-46FD-8422-9248B97C7CC0}.Release|Any CPU.Build.0 = Release|Any CPU
		{E1FDDC4F-2545-49F4-9333-F1AB251804B8}.Debug|Any CPU.ActiveCfg = Debug|Any CPU
		{E1FDDC4F-2545-49F4-9333-F1AB251804B8}.Debug|Any CPU.Build.0 = Debug|Any CPU
		{E1FDDC4F-2545-49F4-9333-F1AB251804B8}.Release|Any CPU.ActiveCfg = Release|Any CPU
		{E1FDDC4F-2545-49F4-9333-F1AB251804B8}.Release|Any CPU.Build.0 = Release|Any CPU
		{410B947A-6B17-4BA6-982E-61EEAB4AB5F2}.Debug|Any CPU.ActiveCfg = Debug|Any CPU
		{410B947A-6B17-4BA6-982E-61EEAB4AB5F2}.Debug|Any CPU.Build.0 = Debug|Any CPU
		{410B947A-6B17-4BA6-982E-61EEAB4AB5F2}.Release|Any CPU.ActiveCfg = Release|Any CPU
		{410B947A-6B17-4BA6-982E-61EEAB4AB5F2}.Release|Any CPU.Build.0 = Release|Any CPU
		{682D48F6-92EE-4515-8492-17C10ABBB347}.Debug|Any CPU.ActiveCfg = Debug|Any CPU
		{682D48F6-92EE-4515-8492-17C10ABBB347}.Debug|Any CPU.Build.0 = Debug|Any CPU
		{682D48F6-92EE-4515-8492-17C10ABBB347}.Release|Any CPU.ActiveCfg = Release|Any CPU
		{682D48F6-92EE-4515-8492-17C10ABBB347}.Release|Any CPU.Build.0 = Release|Any CPU
		{A128F0C3-BC29-43C9-8492-F74A0CF2CDF8}.Debug|Any CPU.ActiveCfg = Debug|Any CPU
		{A128F0C3-BC29-43C9-8492-F74A0CF2CDF8}.Debug|Any CPU.Build.0 = Debug|Any CPU
		{A128F0C3-BC29-43C9-8492-F74A0CF2CDF8}.Release|Any CPU.ActiveCfg = Release|Any CPU
		{A128F0C3-BC29-43C9-8492-F74A0CF2CDF8}.Release|Any CPU.Build.0 = Release|Any CPU
		{8934C7C3-CC2C-4F40-8D38-34F7D18216EC}.Debug|Any CPU.ActiveCfg = Debug|Any CPU
		{8934C7C3-CC2C-4F40-8D38-34F7D18216EC}.Debug|Any CPU.Build.0 = Debug|Any CPU
		{8934C7C3-CC2C-4F40-8D38-34F7D18216EC}.Release|Any CPU.ActiveCfg = Release|Any CPU
		{8934C7C3-CC2C-4F40-8D38-34F7D18216EC}.Release|Any CPU.Build.0 = Release|Any CPU
		{3CC7238F-9682-4724-A755-2365835A4441}.Debug|Any CPU.ActiveCfg = Debug|Any CPU
		{3CC7238F-9682-4724-A755-2365835A4441}.Debug|Any CPU.Build.0 = Debug|Any CPU
		{3CC7238F-9682-4724-A755-2365835A4441}.Release|Any CPU.ActiveCfg = Release|Any CPU
		{3CC7238F-9682-4724-A755-2365835A4441}.Release|Any CPU.Build.0 = Release|Any CPU
		{A37C44A9-61A8-4238-B92D-8AF55E597A24}.Debug|Any CPU.ActiveCfg = Debug|Any CPU
		{A37C44A9-61A8-4238-B92D-8AF55E597A24}.Debug|Any CPU.Build.0 = Debug|Any CPU
		{A37C44A9-61A8-4238-B92D-8AF55E597A24}.Release|Any CPU.ActiveCfg = Release|Any CPU
		{A37C44A9-61A8-4238-B92D-8AF55E597A24}.Release|Any CPU.Build.0 = Release|Any CPU
		{F249C229-C600-4F1A-B64C-8246772DCDC9}.Debug|Any CPU.ActiveCfg = Debug|Any CPU
		{F249C229-C600-4F1A-B64C-8246772DCDC9}.Debug|Any CPU.Build.0 = Debug|Any CPU
		{F249C229-C600-4F1A-B64C-8246772DCDC9}.Release|Any CPU.ActiveCfg = Release|Any CPU
		{F249C229-C600-4F1A-B64C-8246772DCDC9}.Release|Any CPU.Build.0 = Release|Any CPU
		{859C8C36-EE66-450B-BFEA-12532CE59986}.Debug|Any CPU.ActiveCfg = Debug|Any CPU
		{859C8C36-EE66-450B-BFEA-12532CE59986}.Debug|Any CPU.Build.0 = Debug|Any CPU
		{859C8C36-EE66-450B-BFEA-12532CE59986}.Release|Any CPU.ActiveCfg = Release|Any CPU
		{859C8C36-EE66-450B-BFEA-12532CE59986}.Release|Any CPU.Build.0 = Release|Any CPU
		{5D711739-FCB1-4A35-9EC0-2A0F8DEBE1D8}.Debug|Any CPU.ActiveCfg = Debug|Any CPU
		{5D711739-FCB1-4A35-9EC0-2A0F8DEBE1D8}.Debug|Any CPU.Build.0 = Debug|Any CPU
		{5D711739-FCB1-4A35-9EC0-2A0F8DEBE1D8}.Release|Any CPU.ActiveCfg = Release|Any CPU
		{5D711739-FCB1-4A35-9EC0-2A0F8DEBE1D8}.Release|Any CPU.Build.0 = Release|Any CPU
		{09176B80-5335-4400-9E02-ECD63F86A087}.Debug|Any CPU.ActiveCfg = Debug|Any CPU
		{09176B80-5335-4400-9E02-ECD63F86A087}.Debug|Any CPU.Build.0 = Debug|Any CPU
		{09176B80-5335-4400-9E02-ECD63F86A087}.Release|Any CPU.ActiveCfg = Release|Any CPU
		{09176B80-5335-4400-9E02-ECD63F86A087}.Release|Any CPU.Build.0 = Release|Any CPU
		{4F8B97DA-E557-4AA7-961A-EC3354215592}.Debug|Any CPU.ActiveCfg = Debug|Any CPU
		{4F8B97DA-E557-4AA7-961A-EC3354215592}.Debug|Any CPU.Build.0 = Debug|Any CPU
		{4F8B97DA-E557-4AA7-961A-EC3354215592}.Release|Any CPU.ActiveCfg = Release|Any CPU
		{4F8B97DA-E557-4AA7-961A-EC3354215592}.Release|Any CPU.Build.0 = Release|Any CPU
		{8AE1E31A-599E-418B-BE8A-064246B73798}.Debug|Any CPU.ActiveCfg = Debug|Any CPU
		{8AE1E31A-599E-418B-BE8A-064246B73798}.Debug|Any CPU.Build.0 = Debug|Any CPU
		{8AE1E31A-599E-418B-BE8A-064246B73798}.Release|Any CPU.ActiveCfg = Release|Any CPU
		{8AE1E31A-599E-418B-BE8A-064246B73798}.Release|Any CPU.Build.0 = Release|Any CPU
		{0FFB8979-6B04-4D3E-B369-ACE6A08E2636}.Debug|Any CPU.ActiveCfg = Debug|Any CPU
		{0FFB8979-6B04-4D3E-B369-ACE6A08E2636}.Debug|Any CPU.Build.0 = Debug|Any CPU
		{0FFB8979-6B04-4D3E-B369-ACE6A08E2636}.Release|Any CPU.ActiveCfg = Release|Any CPU
		{0FFB8979-6B04-4D3E-B369-ACE6A08E2636}.Release|Any CPU.Build.0 = Release|Any CPU
		{F8735CCA-403D-4D95-8165-6B30B778C6EA}.Debug|Any CPU.ActiveCfg = Debug|Any CPU
		{F8735CCA-403D-4D95-8165-6B30B778C6EA}.Debug|Any CPU.Build.0 = Debug|Any CPU
		{F8735CCA-403D-4D95-8165-6B30B778C6EA}.Release|Any CPU.ActiveCfg = Release|Any CPU
		{F8735CCA-403D-4D95-8165-6B30B778C6EA}.Release|Any CPU.Build.0 = Release|Any CPU
	EndGlobalSection
	GlobalSection(SolutionProperties) = preSolution
		HideSolutionNode = FALSE
	EndGlobalSection
	GlobalSection(NestedProjects) = preSolution
		{760170B1-C0EA-46FD-8422-9248B97C7CC0} = {DC52CDD4-2DB5-4231-9891-350CC45BBB89}
		{E1FDDC4F-2545-49F4-9333-F1AB251804B8} = {DC52CDD4-2DB5-4231-9891-350CC45BBB89}
		{410B947A-6B17-4BA6-982E-61EEAB4AB5F2} = {11C5227E-6283-4A4D-BAD6-B79DC5B080A7}
		{682D48F6-92EE-4515-8492-17C10ABBB347} = {11C5227E-6283-4A4D-BAD6-B79DC5B080A7}
		{A128F0C3-BC29-43C9-8492-F74A0CF2CDF8} = {11C5227E-6283-4A4D-BAD6-B79DC5B080A7}
		{8934C7C3-CC2C-4F40-8D38-34F7D18216EC} = {11C5227E-6283-4A4D-BAD6-B79DC5B080A7}
		{3CC7238F-9682-4724-A755-2365835A4441} = {F4094BA3-0C4E-4E61-9631-D647973EEFF9}
		{A37C44A9-61A8-4238-B92D-8AF55E597A24} = {F4094BA3-0C4E-4E61-9631-D647973EEFF9}
		{F249C229-C600-4F1A-B64C-8246772DCDC9} = {F4094BA3-0C4E-4E61-9631-D647973EEFF9}
		{859C8C36-EE66-450B-BFEA-12532CE59986} = {A55F8AC2-0BCA-421D-A55F-4A2110E2DA2B}
		{5D711739-FCB1-4A35-9EC0-2A0F8DEBE1D8} = {A55F8AC2-0BCA-421D-A55F-4A2110E2DA2B}
		{09176B80-5335-4400-9E02-ECD63F86A087} = {A55F8AC2-0BCA-421D-A55F-4A2110E2DA2B}
		{4F8B97DA-E557-4AA7-961A-EC3354215592} = {A55F8AC2-0BCA-421D-A55F-4A2110E2DA2B}
		{8AE1E31A-599E-418B-BE8A-064246B73798} = {DC52CDD4-2DB5-4231-9891-350CC45BBB89}
		{0FFB8979-6B04-4D3E-B369-ACE6A08E2636} = {A55F8AC2-0BCA-421D-A55F-4A2110E2DA2B}
		{F8735CCA-403D-4D95-8165-6B30B778C6EA} = {A55F8AC2-0BCA-421D-A55F-4A2110E2DA2B}
	EndGlobalSection
	GlobalSection(ExtensibilityGlobals) = postSolution
		SolutionGuid = {71881DAC-9ED6-472F-AB12-DE9020A519C1}
	EndGlobalSection
EndGlobal
